
Microsoft Visual Studio Solution File, Format Version 12.00
# Visual Studio Version 17
VisualStudioVersion = 17.11.35312.102
MinimumVisualStudioVersion = 10.0.40219.1
Project("{9A19103F-16F7-4668-BE54-9A1E7A4F7556}") = "Restaurants.API", "Restaurants.API.csproj", "{238DCAD2-1703-4078-8918-06277B9974A7}"
EndProject
Project("{9A19103F-16F7-4668-BE54-9A1E7A4F7556}") = "Restaurants.Domain", "..\Restaurants.Domain\Restaurants.Domain.csproj", "{4460ABB2-8819-45E5-B9E5-CD50E7BF41A5}"
EndProject
Project("{9A19103F-16F7-4668-BE54-9A1E7A4F7556}") = "Restaurants.Application", "..\Restaurants.Application\Restaurants.Application.csproj", "{CA1C245D-CC38-4160-B9B2-EBE9EEBAC281}"
EndProject
Project("{9A19103F-16F7-4668-BE54-9A1E7A4F7556}") = "Restaurants.Infrastructure", "..\Restaurants.Infrastructure\Restaurants.Infrastructure.csproj", "{F04CF934-971C-42E1-A114-3AAB1765238C}"
EndProject
Project("{FAE04EC0-301F-11D3-BF4B-00C04F79EFBC}") = "Restaurants.ApplicationTests", "..\Restaurants.ApplicationTests\Restaurants.ApplicationTests.csproj", "{9A1C991F-E217-475D-AFA8-2E60495E3229}"
EndProject
Project("{FAE04EC0-301F-11D3-BF4B-00C04F79EFBC}") = "Restaurants.InfrastructureTests", "..\Restaurants.InfrastructureTests\Restaurants.InfrastructureTests.csproj", "{5E14721E-BDF7-4AEC-860C-348944EE2874}"
EndProject
Project("{FAE04EC0-301F-11D3-BF4B-00C04F79EFBC}") = "Restaurants.APITests", "..\Restaurants.APITests\Restaurants.APITests.csproj", "{7ABA3315-2595-40F5-81E4-3DE40F20B65C}"
EndProject
Global
	GlobalSection(SolutionConfigurationPlatforms) = preSolution
		Debug|Any CPU = Debug|Any CPU
		Release|Any CPU = Release|Any CPU
	EndGlobalSection
	GlobalSection(ProjectConfigurationPlatforms) = postSolution
		{238DCAD2-1703-4078-8918-06277B9974A7}.Debug|Any CPU.ActiveCfg = Debug|Any CPU
		{238DCAD2-1703-4078-8918-06277B9974A7}.Debug|Any CPU.Build.0 = Debug|Any CPU
		{238DCAD2-1703-4078-8918-06277B9974A7}.Release|Any CPU.ActiveCfg = Release|Any CPU
		{238DCAD2-1703-4078-8918-06277B9974A7}.Release|Any CPU.Build.0 = Release|Any CPU
		{4460ABB2-8819-45E5-B9E5-CD50E7BF41A5}.Debug|Any CPU.ActiveCfg = Debug|Any CPU
		{4460ABB2-8819-45E5-B9E5-CD50E7BF41A5}.Debug|Any CPU.Build.0 = Debug|Any CPU
		{4460ABB2-8819-45E5-B9E5-CD50E7BF41A5}.Release|Any CPU.ActiveCfg = Release|Any CPU
		{4460ABB2-8819-45E5-B9E5-CD50E7BF41A5}.Release|Any CPU.Build.0 = Release|Any CPU
		{CA1C245D-CC38-4160-B9B2-EBE9EEBAC281}.Debug|Any CPU.ActiveCfg = Debug|Any CPU
		{CA1C245D-CC38-4160-B9B2-EBE9EEBAC281}.Debug|Any CPU.Build.0 = Debug|Any CPU
		{CA1C245D-CC38-4160-B9B2-EBE9EEBAC281}.Release|Any CPU.ActiveCfg = Release|Any CPU
		{CA1C245D-CC38-4160-B9B2-EBE9EEBAC281}.Release|Any CPU.Build.0 = Release|Any CPU
		{F04CF934-971C-42E1-A114-3AAB1765238C}.Debug|Any CPU.ActiveCfg = Debug|Any CPU
		{F04CF934-971C-42E1-A114-3AAB1765238C}.Debug|Any CPU.Build.0 = Debug|Any CPU
		{F04CF934-971C-42E1-A114-3AAB1765238C}.Release|Any CPU.ActiveCfg = Release|Any CPU
		{F04CF934-971C-42E1-A114-3AAB1765238C}.Release|Any CPU.Build.0 = Release|Any CPU
		{9A1C991F-E217-475D-AFA8-2E60495E3229}.Debug|Any CPU.ActiveCfg = Debug|Any CPU
		{9A1C991F-E217-475D-AFA8-2E60495E3229}.Debug|Any CPU.Build.0 = Debug|Any CPU
		{9A1C991F-E217-475D-AFA8-2E60495E3229}.Release|Any CPU.ActiveCfg = Release|Any CPU
		{9A1C991F-E217-475D-AFA8-2E60495E3229}.Release|Any CPU.Build.0 = Release|Any CPU
		{5E14721E-BDF7-4AEC-860C-348944EE2874}.Debug|Any CPU.ActiveCfg = Debug|Any CPU
		{5E14721E-BDF7-4AEC-860C-348944EE2874}.Debug|Any CPU.Build.0 = Debug|Any CPU
		{5E14721E-BDF7-4AEC-860C-348944EE2874}.Release|Any CPU.ActiveCfg = Release|Any CPU
		{5E14721E-BDF7-4AEC-860C-348944EE2874}.Release|Any CPU.Build.0 = Release|Any CPU
		{7ABA3315-2595-40F5-81E4-3DE40F20B65C}.Debug|Any CPU.ActiveCfg = Debug|Any CPU
		{7ABA3315-2595-40F5-81E4-3DE40F20B65C}.Debug|Any CPU.Build.0 = Debug|Any CPU
		{7ABA3315-2595-40F5-81E4-3DE40F20B65C}.Release|Any CPU.ActiveCfg = Release|Any CPU
		{7ABA3315-2595-40F5-81E4-3DE40F20B65C}.Release|Any CPU.Build.0 = Release|Any CPU
	EndGlobalSection
	GlobalSection(SolutionProperties) = preSolution
		HideSolutionNode = FALSE
	EndGlobalSection
	GlobalSection(ExtensibilityGlobals) = postSolution
		SolutionGuid = {19E646B7-0AB9-45AB-B932-5B3E4ECDE934}
	EndGlobalSection
EndGlobal
